
Microsoft Visual Studio Solution File, Format Version 12.00
# Visual Studio Version 17
VisualStudioVersion = 17.7.34031.279
MinimumVisualStudioVersion = 10.0.40219.1
Project("{2150E333-8FDC-42A3-9474-1A3956D46DE8}") = "src", "src", "{CF6F3BAE-4B90-4391-8E77-1BE283EEB98D}"
EndProject
Project("{2150E333-8FDC-42A3-9474-1A3956D46DE8}") = "test", "test", "{CD64E32B-D3E1-4548-9AA5-9D0A5FC81CD0}"
EndProject
Project("{9A19103F-16F7-4668-BE54-9A1E7A4F7556}") = "ClubTools.Api", "src\ClubTools.API\ClubTools.Api.csproj", "{33DA8CFB-A317-4C21-A65C-94B9C14B88CF}"
EndProject
Project("{E53339B2-1760-4266-BCC7-CA923CBCF16C}") = "docker-compose", "docker-compose.dcproj", "{57B161BA-8B30-4CF4-BF93-C6778A2A8CF2}"
EndProject
Project("{9A19103F-16F7-4668-BE54-9A1E7A4F7556}") = "ClubTools.Web", "src\ClubTools.Web\ClubTools.Web\ClubTools.Web.csproj", "{5002444A-8EC6-4DA2-98DE-93DAA023CB2B}"
EndProject
Project("{9A19103F-16F7-4668-BE54-9A1E7A4F7556}") = "ClubTools.Web.Client", "src\ClubTools.Web\ClubTools.Web.Client\ClubTools.Web.Client.csproj", "{4C93F65E-1573-49D1-AFE3-BBDB28144A5B}"
EndProject
Project("{9A19103F-16F7-4668-BE54-9A1E7A4F7556}") = "ClubTools.Api.IntegrationTests", "test\ClubTools.Api.IntegrationTests\ClubTools.Api.IntegrationTests.csproj", "{508BC86E-D270-470C-A518-45F6C95F035A}"
EndProject
Project("{9A19103F-16F7-4668-BE54-9A1E7A4F7556}") = "ClubTools.Shared", "src\ClubTools.Shared\ClubTools.Shared.csproj", "{831AD94B-3E13-47D3-9D07-AD014DA996E5}"
EndProject
Global
	GlobalSection(SolutionConfigurationPlatforms) = preSolution
		Debug|Any CPU = Debug|Any CPU
		Release|Any CPU = Release|Any CPU
	EndGlobalSection
	GlobalSection(ProjectConfigurationPlatforms) = postSolution
		{33DA8CFB-A317-4C21-A65C-94B9C14B88CF}.Debug|Any CPU.ActiveCfg = Debug|Any CPU
		{33DA8CFB-A317-4C21-A65C-94B9C14B88CF}.Debug|Any CPU.Build.0 = Debug|Any CPU
		{33DA8CFB-A317-4C21-A65C-94B9C14B88CF}.Release|Any CPU.ActiveCfg = Release|Any CPU
		{33DA8CFB-A317-4C21-A65C-94B9C14B88CF}.Release|Any CPU.Build.0 = Release|Any CPU
		{57B161BA-8B30-4CF4-BF93-C6778A2A8CF2}.Debug|Any CPU.ActiveCfg = Debug|Any CPU
		{57B161BA-8B30-4CF4-BF93-C6778A2A8CF2}.Debug|Any CPU.Build.0 = Debug|Any CPU
		{57B161BA-8B30-4CF4-BF93-C6778A2A8CF2}.Release|Any CPU.ActiveCfg = Release|Any CPU
		{57B161BA-8B30-4CF4-BF93-C6778A2A8CF2}.Release|Any CPU.Build.0 = Release|Any CPU
		{5002444A-8EC6-4DA2-98DE-93DAA023CB2B}.Debug|Any CPU.ActiveCfg = Debug|Any CPU
		{5002444A-8EC6-4DA2-98DE-93DAA023CB2B}.Debug|Any CPU.Build.0 = Debug|Any CPU
		{5002444A-8EC6-4DA2-98DE-93DAA023CB2B}.Release|Any CPU.ActiveCfg = Release|Any CPU
		{5002444A-8EC6-4DA2-98DE-93DAA023CB2B}.Release|Any CPU.Build.0 = Release|Any CPU
		{4C93F65E-1573-49D1-AFE3-BBDB28144A5B}.Debug|Any CPU.ActiveCfg = Debug|Any CPU
		{4C93F65E-1573-49D1-AFE3-BBDB28144A5B}.Debug|Any CPU.Build.0 = Debug|Any CPU
		{4C93F65E-1573-49D1-AFE3-BBDB28144A5B}.Release|Any CPU.ActiveCfg = Release|Any CPU
		{4C93F65E-1573-49D1-AFE3-BBDB28144A5B}.Release|Any CPU.Build.0 = Release|Any CPU
		{508BC86E-D270-470C-A518-45F6C95F035A}.Debug|Any CPU.ActiveCfg = Debug|Any CPU
		{508BC86E-D270-470C-A518-45F6C95F035A}.Debug|Any CPU.Build.0 = Debug|Any CPU
		{508BC86E-D270-470C-A518-45F6C95F035A}.Release|Any CPU.ActiveCfg = Release|Any CPU
		{508BC86E-D270-470C-A518-45F6C95F035A}.Release|Any CPU.Build.0 = Release|Any CPU
		{831AD94B-3E13-47D3-9D07-AD014DA996E5}.Debug|Any CPU.ActiveCfg = Debug|Any CPU
		{831AD94B-3E13-47D3-9D07-AD014DA996E5}.Debug|Any CPU.Build.0 = Debug|Any CPU
		{831AD94B-3E13-47D3-9D07-AD014DA996E5}.Release|Any CPU.ActiveCfg = Release|Any CPU
		{831AD94B-3E13-47D3-9D07-AD014DA996E5}.Release|Any CPU.Build.0 = Release|Any CPU
	EndGlobalSection
	GlobalSection(SolutionProperties) = preSolution
		HideSolutionNode = FALSE
	EndGlobalSection
	GlobalSection(NestedProjects) = preSolution
		{33DA8CFB-A317-4C21-A65C-94B9C14B88CF} = {CF6F3BAE-4B90-4391-8E77-1BE283EEB98D}
		{5002444A-8EC6-4DA2-98DE-93DAA023CB2B} = {CF6F3BAE-4B90-4391-8E77-1BE283EEB98D}
		{4C93F65E-1573-49D1-AFE3-BBDB28144A5B} = {CF6F3BAE-4B90-4391-8E77-1BE283EEB98D}
		{508BC86E-D270-470C-A518-45F6C95F035A} = {CD64E32B-D3E1-4548-9AA5-9D0A5FC81CD0}
	EndGlobalSection
	GlobalSection(ExtensibilityGlobals) = postSolution
		SolutionGuid = {81FDB651-BC8E-4AF0-8C88-4495CB3FE1AD}
	EndGlobalSection
EndGlobal
